{
    "version": 3,
    "terraform_version": "0.11.13",
    "serial": 11,
    "lineage": "daeb6c82-79b9-092b-9fed-07ce387bf153",
    "modules": [
        {
            "path": [
                "root"
            ],
            "outputs": {},
            "resources": {
                "azurerm_network_interface.main1": {
                    "type": "azurerm_network_interface",
                    "depends_on": [
                        "azurerm_network_security_group.test3",
                        "azurerm_public_ip.myterraformpublicip1",
                        "azurerm_resource_group.main2",
                        "azurerm_subnet.internal1"
                    ],
                    "primary": {
                        "id": "/subscriptions/05ec1026-b7a2-4fdf-8bfc-0c93d5ba7db6/resourceGroups/hubot-resources/providers/Microsoft.Network/networkInterfaces/hubot-nic",
                        "attributes": {
                            "applied_dns_servers.#": "0",
                            "dns_servers.#": "0",
                            "enable_accelerated_networking": "false",
                            "enable_ip_forwarding": "false",
                            "id": "/subscriptions/05ec1026-b7a2-4fdf-8bfc-0c93d5ba7db6/resourceGroups/hubot-resources/providers/Microsoft.Network/networkInterfaces/hubot-nic",
                            "internal_dns_name_label": "",
                            "internal_fqdn": "",
                            "ip_configuration.#": "1",
                            "ip_configuration.0.application_gateway_backend_address_pools_ids.#": "0",
                            "ip_configuration.0.application_security_group_ids.#": "0",
                            "ip_configuration.0.load_balancer_backend_address_pools_ids.#": "0",
                            "ip_configuration.0.load_balancer_inbound_nat_rules_ids.#": "0",
                            "ip_configuration.0.name": "testconfiguration1",
                            "ip_configuration.0.primary": "true",
                            "ip_configuration.0.private_ip_address": "",
                            "ip_configuration.0.private_ip_address_allocation": "dynamic",
                            "ip_configuration.0.private_ip_address_version": "IPv4",
                            "ip_configuration.0.public_ip_address_id": "/subscriptions/05ec1026-b7a2-4fdf-8bfc-0c93d5ba7db6/resourceGroups/hubot-resources/providers/Microsoft.Network/publicIPAddresses/myPublicIP3",
                            "ip_configuration.0.subnet_id": "/subscriptions/05ec1026-b7a2-4fdf-8bfc-0c93d5ba7db6/resourceGroups/hubot-resources/providers/Microsoft.Network/virtualNetworks/hubot-network/subnets/internal",
                            "location": "westus2",
                            "mac_address": "00-0D-3A-6C-E9-EA",
                            "name": "hubot-nic",
                            "network_security_group_id": "/subscriptions/05ec1026-b7a2-4fdf-8bfc-0c93d5ba7db6/resourceGroups/hubot-resources/providers/Microsoft.Network/networkSecurityGroups/acceptanceTestSecurityGroup2",
                            "private_ip_address": "10.0.2.4",
                            "private_ip_addresses.#": "1",
                            "private_ip_addresses.0": "10.0.2.4",
                            "resource_group_name": "hubot-resources",
                            "tags.%": "0",
                            "virtual_machine_id": "/subscriptions/05ec1026-b7a2-4fdf-8bfc-0c93d5ba7db6/resourceGroups/hubot-resources/providers/Microsoft.Compute/virtualMachines/hubot-vm"
                        },
                        "meta": {},
                        "tainted": false
                    },
                    "deposed": [],
                    "provider": "provider.azurerm"
                },
                "azurerm_network_security_group.test3": {
                    "type": "azurerm_network_security_group",
                    "depends_on": [
                        "azurerm_resource_group.main2"
                    ],
                    "primary": {
                        "id": "/subscriptions/05ec1026-b7a2-4fdf-8bfc-0c93d5ba7db6/resourceGroups/hubot-resources/providers/Microsoft.Network/networkSecurityGroups/acceptanceTestSecurityGroup2",
                        "attributes": {
                            "id": "/subscriptions/05ec1026-b7a2-4fdf-8bfc-0c93d5ba7db6/resourceGroups/hubot-resources/providers/Microsoft.Network/networkSecurityGroups/acceptanceTestSecurityGroup2",
                            "location": "westus2",
                            "name": "acceptanceTestSecurityGroup2",
                            "resource_group_name": "hubot-resources",
                            "security_rule.#": "2",
                            "security_rule.2770440881.access": "Allow",
                            "security_rule.2770440881.description": "",
                            "security_rule.2770440881.destination_address_prefix": "*",
                            "security_rule.2770440881.destination_address_prefixes.#": "0",
                            "security_rule.2770440881.destination_application_security_group_ids.#": "0",
                            "security_rule.2770440881.destination_port_range": "*",
                            "security_rule.2770440881.destination_port_ranges.#": "0",
                            "security_rule.2770440881.direction": "Inbound",
                            "security_rule.2770440881.name": "tcpport",
                            "security_rule.2770440881.priority": "100",
                            "security_rule.2770440881.protocol": "Tcp",
                            "security_rule.2770440881.source_address_prefix": "*",
                            "security_rule.2770440881.source_address_prefixes.#": "0",
                            "security_rule.2770440881.source_application_security_group_ids.#": "0",
                            "security_rule.2770440881.source_port_range": "*",
                            "security_rule.2770440881.source_port_ranges.#": "0",
                            "security_rule.3404036291.access": "Allow",
                            "security_rule.3404036291.description": "",
                            "security_rule.3404036291.destination_address_prefix": "*",
                            "security_rule.3404036291.destination_address_prefixes.#": "0",
                            "security_rule.3404036291.destination_application_security_group_ids.#": "0",
                            "security_rule.3404036291.destination_port_range": "*",
                            "security_rule.3404036291.destination_port_ranges.#": "0",
                            "security_rule.3404036291.direction": "Outbound",
                            "security_rule.3404036291.name": "tcpport1",
                            "security_rule.3404036291.priority": "110",
                            "security_rule.3404036291.protocol": "Tcp",
                            "security_rule.3404036291.source_address_prefix": "*",
                            "security_rule.3404036291.source_address_prefixes.#": "0",
                            "security_rule.3404036291.source_application_security_group_ids.#": "0",
                            "security_rule.3404036291.source_port_range": "*",
                            "security_rule.3404036291.source_port_ranges.#": "0",
                            "tags.%": "0"
                        },
                        "meta": {},
                        "tainted": false
                    },
                    "deposed": [],
                    "provider": "provider.azurerm"
                },
                "azurerm_public_ip.myterraformpublicip1": {
                    "type": "azurerm_public_ip",
                    "depends_on": [
                        "azurerm_resource_group.main2"
                    ],
                    "primary": {
                        "id": "/subscriptions/05ec1026-b7a2-4fdf-8bfc-0c93d5ba7db6/resourceGroups/hubot-resources/providers/Microsoft.Network/publicIPAddresses/myPublicIP3",
                        "attributes": {
                            "allocation_method": "Dynamic",
                            "id": "/subscriptions/05ec1026-b7a2-4fdf-8bfc-0c93d5ba7db6/resourceGroups/hubot-resources/providers/Microsoft.Network/publicIPAddresses/myPublicIP3",
                            "idle_timeout_in_minutes": "4",
                            "ip_address": "13.77.172.23",
                            "ip_version": "IPv4",
                            "location": "westus2",
                            "name": "myPublicIP3",
                            "public_ip_address_allocation": "Dynamic",
                            "resource_group_name": "hubot-resources",
                            "sku": "Basic",
                            "tags.%": "1",
                            "tags.environment": "dev",
                            "zones.#": "0"
                        },
                        "meta": {},
                        "tainted": false
                    },
                    "deposed": [],
                    "provider": "provider.azurerm"
                },
                "azurerm_resource_group.main2": {
                    "type": "azurerm_resource_group",
                    "depends_on": [],
                    "primary": {
                        "id": "/subscriptions/05ec1026-b7a2-4fdf-8bfc-0c93d5ba7db6/resourceGroups/hubot-resources",
                        "attributes": {
                            "id": "/subscriptions/05ec1026-b7a2-4fdf-8bfc-0c93d5ba7db6/resourceGroups/hubot-resources",
                            "location": "westus2",
                            "name": "hubot-resources",
                            "tags.%": "0"
                        },
                        "meta": {},
                        "tainted": false
                    },
                    "deposed": [],
                    "provider": "provider.azurerm"
                },
                "azurerm_subnet.internal1": {
                    "type": "azurerm_subnet",
                    "depends_on": [
                        "azurerm_resource_group.main2",
                        "azurerm_virtual_network.main1"
                    ],
                    "primary": {
                        "id": "/subscriptions/05ec1026-b7a2-4fdf-8bfc-0c93d5ba7db6/resourceGroups/hubot-resources/providers/Microsoft.Network/virtualNetworks/hubot-network/subnets/internal",
                        "attributes": {
                            "address_prefix": "10.0.2.0/24",
                            "delegation.#": "0",
                            "id": "/subscriptions/05ec1026-b7a2-4fdf-8bfc-0c93d5ba7db6/resourceGroups/hubot-resources/providers/Microsoft.Network/virtualNetworks/hubot-network/subnets/internal",
                            "ip_configurations.#": "1",
                            "ip_configurations.1004899068": "/subscriptions/05ec1026-b7a2-4fdf-8bfc-0c93d5ba7db6/resourceGroups/hubot-resources/providers/Microsoft.Network/networkInterfaces/hubot-nic/ipConfigurations/testconfiguration1",
                            "name": "internal",
                            "network_security_group_id": "",
                            "resource_group_name": "hubot-resources",
                            "route_table_id": "",
                            "service_endpoints.#": "0",
                            "virtual_network_name": "hubot-network"
                        },
                        "meta": {},
                        "tainted": false
                    },
                    "deposed": [],
                    "provider": "provider.azurerm"
                },
                "azurerm_virtual_network.main1": {
                    "type": "azurerm_virtual_network",
                    "depends_on": [
                        "azurerm_resource_group.main2"
                    ],
                    "primary": {
                        "id": "/subscriptions/05ec1026-b7a2-4fdf-8bfc-0c93d5ba7db6/resourceGroups/hubot-resources/providers/Microsoft.Network/virtualNetworks/hubot-network",
                        "attributes": {
                            "address_space.#": "1",
                            "address_space.0": "10.0.0.0/16",
                            "ddos_protection_plan.#": "0",
                            "dns_servers.#": "0",
                            "id": "/subscriptions/05ec1026-b7a2-4fdf-8bfc-0c93d5ba7db6/resourceGroups/hubot-resources/providers/Microsoft.Network/virtualNetworks/hubot-network",
                            "location": "westus2",
                            "name": "hubot-network",
                            "resource_group_name": "hubot-resources",
                            "subnet.#": "1",
                            "subnet.1005719214.address_prefix": "10.0.2.0/24",
                            "subnet.1005719214.id": "/subscriptions/05ec1026-b7a2-4fdf-8bfc-0c93d5ba7db6/resourceGroups/hubot-resources/providers/Microsoft.Network/virtualNetworks/hubot-network/subnets/internal",
                            "subnet.1005719214.name": "internal",
                            "subnet.1005719214.security_group": "",
                            "tags.%": "0"
                        },
                        "meta": {},
                        "tainted": false
                    },
                    "deposed": [],
                    "provider": "provider.azurerm"
                }
            },
            "depends_on": []
        }
    ]
}
